// !$*UTF8*$!
{
	archiveVersion = 1;
	classes = {
	};
	objectVersion = 46;
	objects = {

/* Begin PBXBuildFile section */
		2B25A4CB1B436A370009363E /* ParseFacebooUserTests.swift in Sources */ = {isa = PBXBuildFile; fileRef = 45A57BEE1B1C00B100EF583C /* ParseFacebooUserTests.swift */; };
		2B25A4D31B4377BC0009363E /* FakeLoginWithFacebookTests.swift in Sources */ = {isa = PBXBuildFile; fileRef = 2B25A4D21B4377BC0009363E /* FakeLoginWithFacebookTests.swift */; };
		2BD0E5901A8AC1240095C31F /* AppDelegate.swift in Sources */ = {isa = PBXBuildFile; fileRef = 2BD0E58F1A8AC1240095C31F /* AppDelegate.swift */; };
		2BD0E5921A8AC1240095C31F /* ViewController.swift in Sources */ = {isa = PBXBuildFile; fileRef = 2BD0E5911A8AC1240095C31F /* ViewController.swift */; };
		2BD0E5951A8AC1240095C31F /* Main.storyboard in Resources */ = {isa = PBXBuildFile; fileRef = 2BD0E5931A8AC1240095C31F /* Main.storyboard */; };
		2BD0E5971A8AC1240095C31F /* Images.xcassets in Resources */ = {isa = PBXBuildFile; fileRef = 2BD0E5961A8AC1240095C31F /* Images.xcassets */; };
		2BD0E59A1A8AC1240095C31F /* LaunchScreen.xib in Resources */ = {isa = PBXBuildFile; fileRef = 2BD0E5981A8AC1240095C31F /* LaunchScreen.xib */; };
		2BD0E5B21A8AC3700095C31F /* Default-568h@2x.png in Resources */ = {isa = PBXBuildFile; fileRef = 2BD0E5B11A8AC3700095C31F /* Default-568h@2x.png */; };
		452915DC1B16C43900CDDDE6 /* FBSDKCoreKit.framework in Frameworks */ = {isa = PBXBuildFile; fileRef = 45BA75451B158801003095CC /* FBSDKCoreKit.framework */; };
		452915DD1B16C43900CDDDE6 /* FBSDKLoginKit.framework in Frameworks */ = {isa = PBXBuildFile; fileRef = 45BA75461B158801003095CC /* FBSDKLoginKit.framework */; };
		455A113E1B291DFE00BF0266 /* ViewControllerUITestsTests.swift in Sources */ = {isa = PBXBuildFile; fileRef = 455A113D1B291DFE00BF0266 /* ViewControllerUITestsTests.swift */; };
		45CBE8E91B1C133900F714DC /* FBSDKCoreKit.framework in Frameworks */ = {isa = PBXBuildFile; fileRef = 45BA75451B158801003095CC /* FBSDKCoreKit.framework */; };
		45CBE8EA1B1C133900F714DC /* FBSDKLoginKit.framework in Frameworks */ = {isa = PBXBuildFile; fileRef = 45BA75461B158801003095CC /* FBSDKLoginKit.framework */; };
		45D73BC41B16ADA400D3FE08 /* LoadFacebookProfileKit.framework in Frameworks */ = {isa = PBXBuildFile; fileRef = 45D73BB91B16ADA400D3FE08 /* LoadFacebookProfileKit.framework */; };
		45D73BD01B16ADA400D3FE08 /* LoadFacebookProfileKit.framework in Frameworks */ = {isa = PBXBuildFile; fileRef = 45D73BB91B16ADA400D3FE08 /* LoadFacebookProfileKit.framework */; };
		45D73BD11B16ADA400D3FE08 /* LoadFacebookProfileKit.framework in Embed Frameworks */ = {isa = PBXBuildFile; fileRef = 45D73BB91B16ADA400D3FE08 /* LoadFacebookProfileKit.framework */; settings = {ATTRIBUTES = (CodeSignOnCopy, RemoveHeadersOnCopy, ); }; };
		45D73BDB1B16ADFF00D3FE08 /* TegFacebookUser.swift in Sources */ = {isa = PBXBuildFile; fileRef = 45D73BD81B16ADFF00D3FE08 /* TegFacebookUser.swift */; };
		45D73BDC1B16ADFF00D3FE08 /* FacebookUserLoader.swift in Sources */ = {isa = PBXBuildFile; fileRef = 45D73BD91B16ADFF00D3FE08 /* FacebookUserLoader.swift */; };
		45D73BE11B16AE3C00D3FE08 /* FBSDKCoreKit.framework in Frameworks */ = {isa = PBXBuildFile; fileRef = 45BA75451B158801003095CC /* FBSDKCoreKit.framework */; };
		45D73BE21B16AE3C00D3FE08 /* FBSDKLoginKit.framework in Frameworks */ = {isa = PBXBuildFile; fileRef = 45BA75461B158801003095CC /* FBSDKLoginKit.framework */; };
/* End PBXBuildFile section */

/* Begin PBXContainerItemProxy section */
		455A11401B291DFE00BF0266 /* PBXContainerItemProxy */ = {
			isa = PBXContainerItemProxy;
			containerPortal = 2BD0E5821A8AC1240095C31F /* Project object */;
			proxyType = 1;
			remoteGlobalIDString = 2BD0E5891A8AC1240095C31F;
			remoteInfo = LoadFacebookProfile;
		};
		45D73BC51B16ADA400D3FE08 /* PBXContainerItemProxy */ = {
			isa = PBXContainerItemProxy;
			containerPortal = 2BD0E5821A8AC1240095C31F /* Project object */;
			proxyType = 1;
			remoteGlobalIDString = 45D73BB81B16ADA400D3FE08;
			remoteInfo = LoadFacebookProfileKit;
		};
		45D73BCE1B16ADA400D3FE08 /* PBXContainerItemProxy */ = {
			isa = PBXContainerItemProxy;
			containerPortal = 2BD0E5821A8AC1240095C31F /* Project object */;
			proxyType = 1;
			remoteGlobalIDString = 45D73BB81B16ADA400D3FE08;
			remoteInfo = LoadFacebookProfileKit;
		};
/* End PBXContainerItemProxy section */

/* Begin PBXCopyFilesBuildPhase section */
		4531ED401B299D150042FED2 /* CopyFiles */ = {
			isa = PBXCopyFilesBuildPhase;
			buildActionMask = 2147483647;
			dstPath = "";
			dstSubfolderSpec = 10;
			files = (
			);
			runOnlyForDeploymentPostprocessing = 0;
		};
		459A8F981B1BDC1E0083F556 /* CopyFiles */ = {
			isa = PBXCopyFilesBuildPhase;
			buildActionMask = 2147483647;
			dstPath = "";
			dstSubfolderSpec = 10;
			files = (
			);
			runOnlyForDeploymentPostprocessing = 0;
		};
		45D73BB31B16A4F000D3FE08 /* Embed Frameworks */ = {
			isa = PBXCopyFilesBuildPhase;
			buildActionMask = 2147483647;
			dstPath = "";
			dstSubfolderSpec = 10;
			files = (
				45D73BD11B16ADA400D3FE08 /* LoadFacebookProfileKit.framework in Embed Frameworks */,
			);
			name = "Embed Frameworks";
			runOnlyForDeploymentPostprocessing = 0;
		};
/* End PBXCopyFilesBuildPhase section */

/* Begin PBXFileReference section */
		2B25A4D21B4377BC0009363E /* FakeLoginWithFacebookTests.swift */ = {isa = PBXFileReference; fileEncoding = 4; lastKnownFileType = sourcecode.swift; path = FakeLoginWithFacebookTests.swift; sourceTree = "<group>"; };
		2BD0E58A1A8AC1240095C31F /* LoadFacebookProfile.app */ = {isa = PBXFileReference; explicitFileType = wrapper.application; includeInIndex = 0; path = LoadFacebookProfile.app; sourceTree = BUILT_PRODUCTS_DIR; };
		2BD0E58E1A8AC1240095C31F /* Info.plist */ = {isa = PBXFileReference; lastKnownFileType = text.plist.xml; path = Info.plist; sourceTree = "<group>"; };
		2BD0E58F1A8AC1240095C31F /* AppDelegate.swift */ = {isa = PBXFileReference; lastKnownFileType = sourcecode.swift; path = AppDelegate.swift; sourceTree = "<group>"; };
		2BD0E5911A8AC1240095C31F /* ViewController.swift */ = {isa = PBXFileReference; lastKnownFileType = sourcecode.swift; path = ViewController.swift; sourceTree = "<group>"; };
		2BD0E5941A8AC1240095C31F /* Base */ = {isa = PBXFileReference; lastKnownFileType = file.storyboard; name = Base; path = Base.lproj/Main.storyboard; sourceTree = "<group>"; };
		2BD0E5961A8AC1240095C31F /* Images.xcassets */ = {isa = PBXFileReference; lastKnownFileType = folder.assetcatalog; path = Images.xcassets; sourceTree = "<group>"; };
		2BD0E5991A8AC1240095C31F /* Base */ = {isa = PBXFileReference; lastKnownFileType = file.xib; name = Base; path = Base.lproj/LaunchScreen.xib; sourceTree = "<group>"; };
		2BD0E5B11A8AC3700095C31F /* Default-568h@2x.png */ = {isa = PBXFileReference; lastKnownFileType = image.png; path = "Default-568h@2x.png"; sourceTree = "<group>"; };
		455A113B1B291DFE00BF0266 /* LoadFacebookProfileUITests.xctest */ = {isa = PBXFileReference; explicitFileType = wrapper.cfbundle; includeInIndex = 0; path = LoadFacebookProfileUITests.xctest; sourceTree = BUILT_PRODUCTS_DIR; };
		455A113D1B291DFE00BF0266 /* ViewControllerUITestsTests.swift */ = {isa = PBXFileReference; lastKnownFileType = sourcecode.swift; path = ViewControllerUITestsTests.swift; sourceTree = "<group>"; };
		455A113F1B291DFE00BF0266 /* Info.plist */ = {isa = PBXFileReference; lastKnownFileType = text.plist.xml; path = Info.plist; sourceTree = "<group>"; };
		45A57BEE1B1C00B100EF583C /* ParseFacebooUserTests.swift */ = {isa = PBXFileReference; fileEncoding = 4; lastKnownFileType = sourcecode.swift; path = ParseFacebooUserTests.swift; sourceTree = "<group>"; };
		45BA75451B158801003095CC /* FBSDKCoreKit.framework */ = {isa = PBXFileReference; lastKnownFileType = wrapper.framework; path = FBSDKCoreKit.framework; sourceTree = "<group>"; };
		45BA75461B158801003095CC /* FBSDKLoginKit.framework */ = {isa = PBXFileReference; lastKnownFileType = wrapper.framework; path = FBSDKLoginKit.framework; sourceTree = "<group>"; };
		45D73BB91B16ADA400D3FE08 /* LoadFacebookProfileKit.framework */ = {isa = PBXFileReference; explicitFileType = wrapper.framework; includeInIndex = 0; path = LoadFacebookProfileKit.framework; sourceTree = BUILT_PRODUCTS_DIR; };
		45D73BBC1B16ADA400D3FE08 /* Info.plist */ = {isa = PBXFileReference; lastKnownFileType = text.plist.xml; path = Info.plist; sourceTree = "<group>"; };
		45D73BC31B16ADA400D3FE08 /* LoadFacebookProfileKitTests.xctest */ = {isa = PBXFileReference; explicitFileType = wrapper.cfbundle; includeInIndex = 0; path = LoadFacebookProfileKitTests.xctest; sourceTree = BUILT_PRODUCTS_DIR; };
		45D73BCB1B16ADA400D3FE08 /* Info.plist */ = {isa = PBXFileReference; lastKnownFileType = text.plist.xml; path = Info.plist; sourceTree = "<group>"; };
		45D73BD81B16ADFF00D3FE08 /* TegFacebookUser.swift */ = {isa = PBXFileReference; fileEncoding = 4; lastKnownFileType = sourcecode.swift; path = TegFacebookUser.swift; sourceTree = "<group>"; };
		45D73BD91B16ADFF00D3FE08 /* FacebookUserLoader.swift */ = {isa = PBXFileReference; fileEncoding = 4; lastKnownFileType = sourcecode.swift; path = FacebookUserLoader.swift; sourceTree = "<group>"; };
/* End PBXFileReference section */

/* Begin PBXFrameworksBuildPhase section */
		2BD0E5871A8AC1240095C31F /* Frameworks */ = {
			isa = PBXFrameworksBuildPhase;
			buildActionMask = 2147483647;
			files = (
				45D73BD01B16ADA400D3FE08 /* LoadFacebookProfileKit.framework in Frameworks */,
				452915DC1B16C43900CDDDE6 /* FBSDKCoreKit.framework in Frameworks */,
				452915DD1B16C43900CDDDE6 /* FBSDKLoginKit.framework in Frameworks */,
			);
			runOnlyForDeploymentPostprocessing = 0;
		};
		455A11381B291DFE00BF0266 /* Frameworks */ = {
			isa = PBXFrameworksBuildPhase;
			buildActionMask = 2147483647;
			files = (
			);
			runOnlyForDeploymentPostprocessing = 0;
		};
		45D73BB51B16ADA400D3FE08 /* Frameworks */ = {
			isa = PBXFrameworksBuildPhase;
			buildActionMask = 2147483647;
			files = (
				45D73BE11B16AE3C00D3FE08 /* FBSDKCoreKit.framework in Frameworks */,
				45D73BE21B16AE3C00D3FE08 /* FBSDKLoginKit.framework in Frameworks */,
			);
			runOnlyForDeploymentPostprocessing = 0;
		};
		45D73BC01B16ADA400D3FE08 /* Frameworks */ = {
			isa = PBXFrameworksBuildPhase;
			buildActionMask = 2147483647;
			files = (
				45D73BC41B16ADA400D3FE08 /* LoadFacebookProfileKit.framework in Frameworks */,
				45CBE8E91B1C133900F714DC /* FBSDKCoreKit.framework in Frameworks */,
				45CBE8EA1B1C133900F714DC /* FBSDKLoginKit.framework in Frameworks */,
			);
			runOnlyForDeploymentPostprocessing = 0;
		};
/* End PBXFrameworksBuildPhase section */

/* Begin PBXGroup section */
		2BD0E5811A8AC1240095C31F = {
			isa = PBXGroup;
			children = (
				2BD0E5B11A8AC3700095C31F /* Default-568h@2x.png */,
				2BD0E58C1A8AC1240095C31F /* LoadFacebookProfile */,
				455A113C1B291DFE00BF0266 /* LoadFacebookProfileUITests */,
				45D73BBA1B16ADA400D3FE08 /* LoadFacebookProfileKit */,
				45D73BC91B16ADA400D3FE08 /* LoadFacebookProfileKitTests */,
				45BA75441B158801003095CC /* Frameworks */,
				2BD0E58B1A8AC1240095C31F /* Products */,
			);
			indentWidth = 2;
			sourceTree = "<group>";
			tabWidth = 2;
		};
		2BD0E58B1A8AC1240095C31F /* Products */ = {
			isa = PBXGroup;
			children = (
				2BD0E58A1A8AC1240095C31F /* LoadFacebookProfile.app */,
				45D73BB91B16ADA400D3FE08 /* LoadFacebookProfileKit.framework */,
				45D73BC31B16ADA400D3FE08 /* LoadFacebookProfileKitTests.xctest */,
				455A113B1B291DFE00BF0266 /* LoadFacebookProfileUITests.xctest */,
			);
			name = Products;
			sourceTree = "<group>";
		};
		2BD0E58C1A8AC1240095C31F /* LoadFacebookProfile */ = {
			isa = PBXGroup;
			children = (
				2BD0E58F1A8AC1240095C31F /* AppDelegate.swift */,
				2BD0E5911A8AC1240095C31F /* ViewController.swift */,
				2BD0E5931A8AC1240095C31F /* Main.storyboard */,
				2BD0E5961A8AC1240095C31F /* Images.xcassets */,
				2BD0E5981A8AC1240095C31F /* LaunchScreen.xib */,
				2BD0E58D1A8AC1240095C31F /* Supporting Files */,
			);
			path = LoadFacebookProfile;
			sourceTree = "<group>";
		};
		2BD0E58D1A8AC1240095C31F /* Supporting Files */ = {
			isa = PBXGroup;
			children = (
				2BD0E58E1A8AC1240095C31F /* Info.plist */,
			);
			name = "Supporting Files";
			sourceTree = "<group>";
		};
		455A113C1B291DFE00BF0266 /* LoadFacebookProfileUITests */ = {
			isa = PBXGroup;
			children = (
				455A113D1B291DFE00BF0266 /* ViewControllerUITestsTests.swift */,
				455A113F1B291DFE00BF0266 /* Info.plist */,
			);
			path = LoadFacebookProfileUITests;
			sourceTree = "<group>";
		};
		45BA75441B158801003095CC /* Frameworks */ = {
			isa = PBXGroup;
			children = (
				45BA75451B158801003095CC /* FBSDKCoreKit.framework */,
				45BA75461B158801003095CC /* FBSDKLoginKit.framework */,
			);
			path = Frameworks;
			sourceTree = "<group>";
		};
		45D73BBA1B16ADA400D3FE08 /* LoadFacebookProfileKit */ = {
			isa = PBXGroup;
			children = (
				45D73BD81B16ADFF00D3FE08 /* TegFacebookUser.swift */,
				45D73BD91B16ADFF00D3FE08 /* FacebookUserLoader.swift */,
				45D73BBB1B16ADA400D3FE08 /* Supporting Files */,
			);
			path = LoadFacebookProfileKit;
			sourceTree = "<group>";
		};
		45D73BBB1B16ADA400D3FE08 /* Supporting Files */ = {
			isa = PBXGroup;
			children = (
				45D73BBC1B16ADA400D3FE08 /* Info.plist */,
			);
			name = "Supporting Files";
			sourceTree = "<group>";
		};
		45D73BC91B16ADA400D3FE08 /* LoadFacebookProfileKitTests */ = {
			isa = PBXGroup;
			children = (
				45A57BEE1B1C00B100EF583C /* ParseFacebooUserTests.swift */,
				2B25A4D21B4377BC0009363E /* FakeLoginWithFacebookTests.swift */,
				45D73BCA1B16ADA400D3FE08 /* Supporting Files */,
			);
			path = LoadFacebookProfileKitTests;
			sourceTree = "<group>";
		};
		45D73BCA1B16ADA400D3FE08 /* Supporting Files */ = {
			isa = PBXGroup;
			children = (
				45D73BCB1B16ADA400D3FE08 /* Info.plist */,
			);
			name = "Supporting Files";
			sourceTree = "<group>";
		};
/* End PBXGroup section */

/* Begin PBXHeadersBuildPhase section */
		45D73BB61B16ADA400D3FE08 /* Headers */ = {
			isa = PBXHeadersBuildPhase;
			buildActionMask = 2147483647;
			files = (
			);
			runOnlyForDeploymentPostprocessing = 0;
		};
/* End PBXHeadersBuildPhase section */

/* Begin PBXNativeTarget section */
		2BD0E5891A8AC1240095C31F /* LoadFacebookProfile */ = {
			isa = PBXNativeTarget;
			buildConfigurationList = 2BD0E5A91A8AC1240095C31F /* Build configuration list for PBXNativeTarget "LoadFacebookProfile" */;
			buildPhases = (
				2BD0E5861A8AC1240095C31F /* Sources */,
				2BD0E5871A8AC1240095C31F /* Frameworks */,
				2BD0E5881A8AC1240095C31F /* Resources */,
				45D73BB31B16A4F000D3FE08 /* Embed Frameworks */,
			);
			buildRules = (
			);
			dependencies = (
				45D73BCF1B16ADA400D3FE08 /* PBXTargetDependency */,
			);
			name = LoadFacebookProfile;
			productName = LoginWithFacebookSDKCustom;
			productReference = 2BD0E58A1A8AC1240095C31F /* LoadFacebookProfile.app */;
			productType = "com.apple.product-type.application";
		};
		455A113A1B291DFE00BF0266 /* LoadFacebookProfileUITests */ = {
			isa = PBXNativeTarget;
			buildConfigurationList = 455A11421B291DFE00BF0266 /* Build configuration list for PBXNativeTarget "LoadFacebookProfileUITests" */;
			buildPhases = (
				455A11371B291DFE00BF0266 /* Sources */,
				455A11381B291DFE00BF0266 /* Frameworks */,
				455A11391B291DFE00BF0266 /* Resources */,
				4531ED401B299D150042FED2 /* CopyFiles */,
			);
			buildRules = (
			);
			dependencies = (
				455A11411B291DFE00BF0266 /* PBXTargetDependency */,
			);
			name = LoadFacebookProfileUITests;
			productName = LoadFacebookProfileUITests;
			productReference = 455A113B1B291DFE00BF0266 /* LoadFacebookProfileUITests.xctest */;
			productType = "com.apple.product-type.bundle.ui-testing";
		};
		45D73BB81B16ADA400D3FE08 /* LoadFacebookProfileKit */ = {
			isa = PBXNativeTarget;
			buildConfigurationList = 45D73BD21B16ADA400D3FE08 /* Build configuration list for PBXNativeTarget "LoadFacebookProfileKit" */;
			buildPhases = (
				45D73BB41B16ADA400D3FE08 /* Sources */,
				45D73BB51B16ADA400D3FE08 /* Frameworks */,
				45D73BB61B16ADA400D3FE08 /* Headers */,
				45D73BB71B16ADA400D3FE08 /* Resources */,
			);
			buildRules = (
			);
			dependencies = (
			);
			name = LoadFacebookProfileKit;
			productName = LoadFacebookProfileKit;
			productReference = 45D73BB91B16ADA400D3FE08 /* LoadFacebookProfileKit.framework */;
			productType = "com.apple.product-type.framework";
		};
		45D73BC21B16ADA400D3FE08 /* LoadFacebookProfileKitTests */ = {
			isa = PBXNativeTarget;
			buildConfigurationList = 45D73BD51B16ADA400D3FE08 /* Build configuration list for PBXNativeTarget "LoadFacebookProfileKitTests" */;
			buildPhases = (
				45D73BBF1B16ADA400D3FE08 /* Sources */,
				45D73BC01B16ADA400D3FE08 /* Frameworks */,
				45D73BC11B16ADA400D3FE08 /* Resources */,
				459A8F981B1BDC1E0083F556 /* CopyFiles */,
			);
			buildRules = (
			);
			dependencies = (
				45D73BC61B16ADA400D3FE08 /* PBXTargetDependency */,
			);
			name = LoadFacebookProfileKitTests;
			productName = LoadFacebookProfileKitTests;
			productReference = 45D73BC31B16ADA400D3FE08 /* LoadFacebookProfileKitTests.xctest */;
			productType = "com.apple.product-type.bundle.unit-test";
		};
/* End PBXNativeTarget section */

/* Begin PBXProject section */
		2BD0E5821A8AC1240095C31F /* Project object */ = {
			isa = PBXProject;
			attributes = {
				LastUpgradeCheck = 0700;
				ORGANIZATIONNAME = "The Exchange Group Pty Ltd";
				TargetAttributes = {
					2BD0E5891A8AC1240095C31F = {
						CreatedOnToolsVersion = 6.1.1;
					};
					455A113A1B291DFE00BF0266 = {
						CreatedOnToolsVersion = 7.0;
						TestTargetID = 2BD0E5891A8AC1240095C31F;
					};
					45D73BB81B16ADA400D3FE08 = {
						CreatedOnToolsVersion = 6.3.2;
					};
					45D73BC21B16ADA400D3FE08 = {
						CreatedOnToolsVersion = 6.3.2;
					};
				};
			};
			buildConfigurationList = 2BD0E5851A8AC1240095C31F /* Build configuration list for PBXProject "LoadFacebookProfile" */;
			compatibilityVersion = "Xcode 3.2";
			developmentRegion = English;
			hasScannedForEncodings = 0;
			knownRegions = (
				en,
				Base,
			);
			mainGroup = 2BD0E5811A8AC1240095C31F;
			productRefGroup = 2BD0E58B1A8AC1240095C31F /* Products */;
			projectDirPath = "";
			projectRoot = "";
			targets = (
				2BD0E5891A8AC1240095C31F /* LoadFacebookProfile */,
				455A113A1B291DFE00BF0266 /* LoadFacebookProfileUITests */,
				45D73BB81B16ADA400D3FE08 /* LoadFacebookProfileKit */,
				45D73BC21B16ADA400D3FE08 /* LoadFacebookProfileKitTests */,
			);
		};
/* End PBXProject section */

/* Begin PBXResourcesBuildPhase section */
		2BD0E5881A8AC1240095C31F /* Resources */ = {
			isa = PBXResourcesBuildPhase;
			buildActionMask = 2147483647;
			files = (
				2BD0E5951A8AC1240095C31F /* Main.storyboard in Resources */,
				2BD0E5B21A8AC3700095C31F /* Default-568h@2x.png in Resources */,
				2BD0E59A1A8AC1240095C31F /* LaunchScreen.xib in Resources */,
				2BD0E5971A8AC1240095C31F /* Images.xcassets in Resources */,
			);
			runOnlyForDeploymentPostprocessing = 0;
		};
		455A11391B291DFE00BF0266 /* Resources */ = {
			isa = PBXResourcesBuildPhase;
			buildActionMask = 2147483647;
			files = (
			);
			runOnlyForDeploymentPostprocessing = 0;
		};
		45D73BB71B16ADA400D3FE08 /* Resources */ = {
			isa = PBXResourcesBuildPhase;
			buildActionMask = 2147483647;
			files = (
			);
			runOnlyForDeploymentPostprocessing = 0;
		};
		45D73BC11B16ADA400D3FE08 /* Resources */ = {
			isa = PBXResourcesBuildPhase;
			buildActionMask = 2147483647;
			files = (
			);
			runOnlyForDeploymentPostprocessing = 0;
		};
/* End PBXResourcesBuildPhase section */

/* Begin PBXSourcesBuildPhase section */
		2BD0E5861A8AC1240095C31F /* Sources */ = {
			isa = PBXSourcesBuildPhase;
			buildActionMask = 2147483647;
			files = (
				2BD0E5921A8AC1240095C31F /* ViewController.swift in Sources */,
				2BD0E5901A8AC1240095C31F /* AppDelegate.swift in Sources */,
			);
			runOnlyForDeploymentPostprocessing = 0;
		};
		455A11371B291DFE00BF0266 /* Sources */ = {
			isa = PBXSourcesBuildPhase;
			buildActionMask = 2147483647;
			files = (
				455A113E1B291DFE00BF0266 /* ViewControllerUITestsTests.swift in Sources */,
			);
			runOnlyForDeploymentPostprocessing = 0;
		};
		45D73BB41B16ADA400D3FE08 /* Sources */ = {
			isa = PBXSourcesBuildPhase;
			buildActionMask = 2147483647;
			files = (
				45D73BDC1B16ADFF00D3FE08 /* FacebookUserLoader.swift in Sources */,
				45D73BDB1B16ADFF00D3FE08 /* TegFacebookUser.swift in Sources */,
			);
			runOnlyForDeploymentPostprocessing = 0;
		};
		45D73BBF1B16ADA400D3FE08 /* Sources */ = {
			isa = PBXSourcesBuildPhase;
			buildActionMask = 2147483647;
			files = (
				2B25A4D31B4377BC0009363E /* FakeLoginWithFacebookTests.swift in Sources */,
				2B25A4CB1B436A370009363E /* ParseFacebooUserTests.swift in Sources */,
			);
			runOnlyForDeploymentPostprocessing = 0;
		};
/* End PBXSourcesBuildPhase section */

/* Begin PBXTargetDependency section */
		455A11411B291DFE00BF0266 /* PBXTargetDependency */ = {
			isa = PBXTargetDependency;
			target = 2BD0E5891A8AC1240095C31F /* LoadFacebookProfile */;
			targetProxy = 455A11401B291DFE00BF0266 /* PBXContainerItemProxy */;
		};
		45D73BC61B16ADA400D3FE08 /* PBXTargetDependency */ = {
			isa = PBXTargetDependency;
			target = 45D73BB81B16ADA400D3FE08 /* LoadFacebookProfileKit */;
			targetProxy = 45D73BC51B16ADA400D3FE08 /* PBXContainerItemProxy */;
		};
		45D73BCF1B16ADA400D3FE08 /* PBXTargetDependency */ = {
			isa = PBXTargetDependency;
			target = 45D73BB81B16ADA400D3FE08 /* LoadFacebookProfileKit */;
			targetProxy = 45D73BCE1B16ADA400D3FE08 /* PBXContainerItemProxy */;
		};
/* End PBXTargetDependency section */

/* Begin PBXVariantGroup section */
		2BD0E5931A8AC1240095C31F /* Main.storyboard */ = {
			isa = PBXVariantGroup;
			children = (
				2BD0E5941A8AC1240095C31F /* Base */,
			);
			name = Main.storyboard;
			sourceTree = "<group>";
		};
		2BD0E5981A8AC1240095C31F /* LaunchScreen.xib */ = {
			isa = PBXVariantGroup;
			children = (
				2BD0E5991A8AC1240095C31F /* Base */,
			);
			name = LaunchScreen.xib;
			sourceTree = "<group>";
		};
/* End PBXVariantGroup section */

/* Begin XCBuildConfiguration section */
		2BD0E5A71A8AC1240095C31F /* Debug */ = {
			isa = XCBuildConfiguration;
			buildSettings = {
				ALWAYS_SEARCH_USER_PATHS = NO;
				CLANG_CXX_LANGUAGE_STANDARD = "gnu++0x";
				CLANG_CXX_LIBRARY = "libc++";
				CLANG_ENABLE_MODULES = YES;
				CLANG_ENABLE_OBJC_ARC = YES;
				CLANG_WARN_BOOL_CONVERSION = YES;
				CLANG_WARN_CONSTANT_CONVERSION = YES;
				CLANG_WARN_DIRECT_OBJC_ISA_USAGE = YES_ERROR;
				CLANG_WARN_EMPTY_BODY = YES;
				CLANG_WARN_ENUM_CONVERSION = YES;
				CLANG_WARN_INT_CONVERSION = YES;
				CLANG_WARN_OBJC_ROOT_CLASS = YES_ERROR;
				CLANG_WARN_UNREACHABLE_CODE = YES;
				CLANG_WARN__DUPLICATE_METHOD_MATCH = YES;
				"CODE_SIGN_IDENTITY[sdk=iphoneos*]" = "iPhone Developer";
				COPY_PHASE_STRIP = NO;
				ENABLE_STRICT_OBJC_MSGSEND = YES;
				ENABLE_TESTABILITY = YES;
				GCC_C_LANGUAGE_STANDARD = gnu99;
				GCC_DYNAMIC_NO_PIC = NO;
				GCC_OPTIMIZATION_LEVEL = 0;
				GCC_PREPROCESSOR_DEFINITIONS = (
					"DEBUG=1",
					"$(inherited)",
				);
				GCC_SYMBOLS_PRIVATE_EXTERN = NO;
				GCC_WARN_64_TO_32_BIT_CONVERSION = YES;
				GCC_WARN_ABOUT_RETURN_TYPE = YES_ERROR;
				GCC_WARN_UNDECLARED_SELECTOR = YES;
				GCC_WARN_UNINITIALIZED_AUTOS = YES_AGGRESSIVE;
				GCC_WARN_UNUSED_FUNCTION = YES;
				GCC_WARN_UNUSED_VARIABLE = YES;
				IPHONEOS_DEPLOYMENT_TARGET = 8.0;
				MTL_ENABLE_DEBUG_INFO = YES;
				ONLY_ACTIVE_ARCH = YES;
				SDKROOT = iphoneos;
				SWIFT_OPTIMIZATION_LEVEL = "-Onone";
				TARGETED_DEVICE_FAMILY = "1,2";
			};
			name = Debug;
		};
		2BD0E5A81A8AC1240095C31F /* Release */ = {
			isa = XCBuildConfiguration;
			buildSettings = {
				ALWAYS_SEARCH_USER_PATHS = NO;
				CLANG_CXX_LANGUAGE_STANDARD = "gnu++0x";
				CLANG_CXX_LIBRARY = "libc++";
				CLANG_ENABLE_MODULES = YES;
				CLANG_ENABLE_OBJC_ARC = YES;
				CLANG_WARN_BOOL_CONVERSION = YES;
				CLANG_WARN_CONSTANT_CONVERSION = YES;
				CLANG_WARN_DIRECT_OBJC_ISA_USAGE = YES_ERROR;
				CLANG_WARN_EMPTY_BODY = YES;
				CLANG_WARN_ENUM_CONVERSION = YES;
				CLANG_WARN_INT_CONVERSION = YES;
				CLANG_WARN_OBJC_ROOT_CLASS = YES_ERROR;
				CLANG_WARN_UNREACHABLE_CODE = YES;
				CLANG_WARN__DUPLICATE_METHOD_MATCH = YES;
				"CODE_SIGN_IDENTITY[sdk=iphoneos*]" = "iPhone Developer";
				COPY_PHASE_STRIP = YES;
				ENABLE_NS_ASSERTIONS = NO;
				ENABLE_STRICT_OBJC_MSGSEND = YES;
				GCC_C_LANGUAGE_STANDARD = gnu99;
				GCC_WARN_64_TO_32_BIT_CONVERSION = YES;
				GCC_WARN_ABOUT_RETURN_TYPE = YES_ERROR;
				GCC_WARN_UNDECLARED_SELECTOR = YES;
				GCC_WARN_UNINITIALIZED_AUTOS = YES_AGGRESSIVE;
				GCC_WARN_UNUSED_FUNCTION = YES;
				GCC_WARN_UNUSED_VARIABLE = YES;
				IPHONEOS_DEPLOYMENT_TARGET = 8.0;
				MTL_ENABLE_DEBUG_INFO = NO;
				SDKROOT = iphoneos;
				TARGETED_DEVICE_FAMILY = "1,2";
				VALIDATE_PRODUCT = YES;
			};
			name = Release;
		};
		2BD0E5AA1A8AC1240095C31F /* Debug */ = {
			isa = XCBuildConfiguration;
			buildSettings = {
				ASSETCATALOG_COMPILER_APPICON_NAME = AppIcon;
				CLANG_ENABLE_MODULES = YES;
				FRAMEWORK_SEARCH_PATHS = (
					"$(inherited)",
					"$(PROJECT_DIR)/Frameworks",
				);
				INFOPLIST_FILE = LoadFacebookProfile/Info.plist;
				LD_RUNPATH_SEARCH_PATHS = "$(inherited) @executable_path/Frameworks";
				PRODUCT_BUNDLE_IDENTIFIER = "au.com.theexchangegroup.$(PRODUCT_NAME:rfc1034identifier)";
				PRODUCT_NAME = LoadFacebookProfile;
				SWIFT_OPTIMIZATION_LEVEL = "-Onone";
			};
			name = Debug;
		};
		2BD0E5AB1A8AC1240095C31F /* Release */ = {
			isa = XCBuildConfiguration;
			buildSettings = {
				ASSETCATALOG_COMPILER_APPICON_NAME = AppIcon;
				CLANG_ENABLE_MODULES = YES;
				FRAMEWORK_SEARCH_PATHS = (
					"$(inherited)",
					"$(PROJECT_DIR)/Frameworks",
				);
				INFOPLIST_FILE = LoadFacebookProfile/Info.plist;
				LD_RUNPATH_SEARCH_PATHS = "$(inherited) @executable_path/Frameworks";
				PRODUCT_BUNDLE_IDENTIFIER = "au.com.theexchangegroup.$(PRODUCT_NAME:rfc1034identifier)";
				PRODUCT_NAME = LoadFacebookProfile;
			};
			name = Release;
		};
		455A11431B291DFE00BF0266 /* Debug */ = {
			isa = XCBuildConfiguration;
			buildSettings = {
				DEBUG_INFORMATION_FORMAT = dwarf;
				FRAMEWORK_SEARCH_PATHS = (
					"$(inherited)",
					"$(PROJECT_DIR)/Frameworks",
				);
				GCC_NO_COMMON_BLOCKS = YES;
				INFOPLIST_FILE = LoadFacebookProfileUITests/Info.plist;
				LD_RUNPATH_SEARCH_PATHS = "$(inherited) @executable_path/Frameworks @loader_path/Frameworks";
				PRODUCT_BUNDLE_IDENTIFIER = au.com.theexchangegroup.LoadFacebookProfileUITests;
				PRODUCT_NAME = "$(TARGET_NAME)";
				TEST_TARGET_NAME = LoadFacebookProfile;
				USES_XCTRUNNER = YES;
			};
			name = Debug;
		};
		455A11441B291DFE00BF0266 /* Release */ = {
			isa = XCBuildConfiguration;
			buildSettings = {
				COPY_PHASE_STRIP = NO;
				DEBUG_INFORMATION_FORMAT = "dwarf-with-dsym";
				FRAMEWORK_SEARCH_PATHS = (
					"$(inherited)",
					"$(PROJECT_DIR)/Frameworks",
				);
				GCC_NO_COMMON_BLOCKS = YES;
				INFOPLIST_FILE = LoadFacebookProfileUITests/Info.plist;
				LD_RUNPATH_SEARCH_PATHS = "$(inherited) @executable_path/Frameworks @loader_path/Frameworks";
				PRODUCT_BUNDLE_IDENTIFIER = au.com.theexchangegroup.LoadFacebookProfileUITests;
				PRODUCT_NAME = "$(TARGET_NAME)";
				TEST_TARGET_NAME = LoadFacebookProfile;
				USES_XCTRUNNER = YES;
			};
			name = Release;
		};
		45D73BD31B16ADA400D3FE08 /* Debug */ = {
			isa = XCBuildConfiguration;
			buildSettings = {
				CURRENT_PROJECT_VERSION = 1;
				DEBUG_INFORMATION_FORMAT = "dwarf-with-dsym";
				DEFINES_MODULE = YES;
				DYLIB_COMPATIBILITY_VERSION = 1;
				DYLIB_CURRENT_VERSION = 1;
				DYLIB_INSTALL_NAME_BASE = "@rpath";
				FRAMEWORK_SEARCH_PATHS = (
					"$(inherited)",
					"$(PROJECT_DIR)/Frameworks",
				);
				GCC_NO_COMMON_BLOCKS = YES;
				GCC_PREPROCESSOR_DEFINITIONS = (
					"DEBUG=1",
					"$(inherited)",
				);
				INFOPLIST_FILE = LoadFacebookProfileKit/Info.plist;
				INSTALL_PATH = "$(LOCAL_LIBRARY_DIR)/Frameworks";
				LD_RUNPATH_SEARCH_PATHS = "$(inherited) @executable_path/Frameworks @loader_path/Frameworks";
				PRODUCT_BUNDLE_IDENTIFIER = "com.marketplacer.$(PRODUCT_NAME:rfc1034identifier)";
				PRODUCT_NAME = "$(TARGET_NAME)";
				SKIP_INSTALL = YES;
				VERSIONING_SYSTEM = "apple-generic";
				VERSION_INFO_PREFIX = "";
			};
			name = Debug;
		};
		45D73BD41B16ADA400D3FE08 /* Release */ = {
			isa = XCBuildConfiguration;
			buildSettings = {
				COPY_PHASE_STRIP = NO;
				CURRENT_PROJECT_VERSION = 1;
				DEBUG_INFORMATION_FORMAT = "dwarf-with-dsym";
				DEFINES_MODULE = YES;
				DYLIB_COMPATIBILITY_VERSION = 1;
				DYLIB_CURRENT_VERSION = 1;
				DYLIB_INSTALL_NAME_BASE = "@rpath";
				FRAMEWORK_SEARCH_PATHS = (
					"$(inherited)",
					"$(PROJECT_DIR)/Frameworks",
				);
				GCC_NO_COMMON_BLOCKS = YES;
				INFOPLIST_FILE = LoadFacebookProfileKit/Info.plist;
				INSTALL_PATH = "$(LOCAL_LIBRARY_DIR)/Frameworks";
				LD_RUNPATH_SEARCH_PATHS = "$(inherited) @executable_path/Frameworks @loader_path/Frameworks";
				PRODUCT_BUNDLE_IDENTIFIER = "com.marketplacer.$(PRODUCT_NAME:rfc1034identifier)";
				PRODUCT_NAME = "$(TARGET_NAME)";
				SKIP_INSTALL = YES;
				VERSIONING_SYSTEM = "apple-generic";
				VERSION_INFO_PREFIX = "";
			};
			name = Release;
		};
		45D73BD61B16ADA400D3FE08 /* Debug */ = {
			isa = XCBuildConfiguration;
			buildSettings = {
				DEBUG_INFORMATION_FORMAT = "dwarf-with-dsym";
				FRAMEWORK_SEARCH_PATHS = (
					"$(inherited)",
					"$(PROJECT_DIR)/Frameworks",
				);
				GCC_NO_COMMON_BLOCKS = YES;
				GCC_PREPROCESSOR_DEFINITIONS = (
					"DEBUG=1",
					"$(inherited)",
				);
				INFOPLIST_FILE = LoadFacebookProfileKitTests/Info.plist;
				LD_RUNPATH_SEARCH_PATHS = "$(inherited) @executable_path/Frameworks @loader_path/Frameworks";
				PRODUCT_BUNDLE_IDENTIFIER = "com.marketplacer.$(PRODUCT_NAME:rfc1034identifier)";
				PRODUCT_NAME = "$(TARGET_NAME)";
			};
			name = Debug;
		};
		45D73BD71B16ADA400D3FE08 /* Release */ = {
			isa = XCBuildConfiguration;
			buildSettings = {
				COPY_PHASE_STRIP = NO;
				DEBUG_INFORMATION_FORMAT = "dwarf-with-dsym";
				FRAMEWORK_SEARCH_PATHS = (
					"$(inherited)",
					"$(PROJECT_DIR)/Frameworks",
				);
				GCC_NO_COMMON_BLOCKS = YES;
				INFOPLIST_FILE = LoadFacebookProfileKitTests/Info.plist;
				LD_RUNPATH_SEARCH_PATHS = "$(inherited) @executable_path/Frameworks @loader_path/Frameworks";
				PRODUCT_BUNDLE_IDENTIFIER = "com.marketplacer.$(PRODUCT_NAME:rfc1034identifier)";
				PRODUCT_NAME = "$(TARGET_NAME)";
			};
			name = Release;
		};
/* End XCBuildConfiguration section */

/* Begin XCConfigurationList section */
		2BD0E5851A8AC1240095C31F /* Build configuration list for PBXProject "LoadFacebookProfile" */ = {
			isa = XCConfigurationList;
			buildConfigurations = (
				2BD0E5A71A8AC1240095C31F /* Debug */,
				2BD0E5A81A8AC1240095C31F /* Release */,
			);
			defaultConfigurationIsVisible = 0;
			defaultConfigurationName = Release;
		};
		2BD0E5A91A8AC1240095C31F /* Build configuration list for PBXNativeTarget "LoadFacebookProfile" */ = {
			isa = XCConfigurationList;
			buildConfigurations = (
				2BD0E5AA1A8AC1240095C31F /* Debug */,
				2BD0E5AB1A8AC1240095C31F /* Release */,
			);
			defaultConfigurationIsVisible = 0;
			defaultConfigurationName = Release;
		};
		455A11421B291DFE00BF0266 /* Build configuration list for PBXNativeTarget "LoadFacebookProfileUITests" */ = {
			isa = XCConfigurationList;
			buildConfigurations = (
				455A11431B291DFE00BF0266 /* Debug */,
				455A11441B291DFE00BF0266 /* Release */,
			);
			defaultConfigurationIsVisible = 0;
			defaultConfigurationName = Release;
		};
		45D73BD21B16ADA400D3FE08 /* Build configuration list for PBXNativeTarget "LoadFacebookProfileKit" */ = {
			isa = XCConfigurationList;
			buildConfigurations = (
				45D73BD31B16ADA400D3FE08 /* Debug */,
				45D73BD41B16ADA400D3FE08 /* Release */,
			);
			defaultConfigurationIsVisible = 0;
			defaultConfigurationName = Release;
		};
		45D73BD51B16ADA400D3FE08 /* Build configuration list for PBXNativeTarget "LoadFacebookProfileKitTests" */ = {
			isa = XCConfigurationList;
			buildConfigurations = (
				45D73BD61B16ADA400D3FE08 /* Debug */,
				45D73BD71B16ADA400D3FE08 /* Release */,
			);
			defaultConfigurationIsVisible = 0;
			defaultConfigurationName = Release;
		};
/* End XCConfigurationList section */
	};
	rootObject = 2BD0E5821A8AC1240095C31F /* Project object */;
}
